
Microsoft Visual Studio Solution File, Format Version 12.00
# Visual Studio Version 16
VisualStudioVersion = 16.0.31729.503
MinimumVisualStudioVersion = 10.0.40219.1
Project("{FAE04EC0-301F-11D3-BF4B-00C04F79EFBC}") = "FilmApp", "FilmApp\FilmApp.csproj", "{087629BF-E769-45EC-8F70-37D3AA500A32}"
EndProject
Global
	GlobalSection(SolutionConfigurationPlatforms) = preSolution
		Debug|Any CPU = Debug|Any CPU
		Release|Any CPU = Release|Any CPU
	EndGlobalSection
	GlobalSection(ProjectConfigurationPlatforms) = postSolution
		{087629BF-E769-45EC-8F70-37D3AA500A32}.Debug|Any CPU.ActiveCfg = Debug|Any CPU
		{087629BF-E769-45EC-8F70-37D3AA500A32}.Debug|Any CPU.Build.0 = Debug|Any CPU
		{087629BF-E769-45EC-8F70-37D3AA500A32}.Release|Any CPU.ActiveCfg = Release|Any CPU
		{087629BF-E769-45EC-8F70-37D3AA500A32}.Release|Any CPU.Build.0 = Release|Any CPU
	EndGlobalSection
	GlobalSection(SolutionProperties) = preSolution
		HideSolutionNode = FALSE
	EndGlobalSection
	GlobalSection(ExtensibilityGlobals) = postSolution
		SolutionGuid = {00795835-40A9-47CA-BE2F-07A5617C2A2A}
	EndGlobalSection
EndGlobal
